
Microsoft Visual Studio Solution File, Format Version 12.00
# Visual Studio Version 16
VisualStudioVersion = 16.0.33214.272
MinimumVisualStudioVersion = 10.0.40219.1
Project("{8BC9CEB8-8B4A-11D0-8D11-00A0C91BC942}") = "11-1AssignShallowCopyError", "11-1AssignShallowCopyError\11-1AssignShallowCopyError.vcxproj", "{F18F5BB8-2085-429C-A2D9-7515D021E375}"
EndProject
Project("{8BC9CEB8-8B4A-11D0-8D11-00A0C91BC942}") = "Q11-1-1AssignDeepCopy", "Q11-1-1AssignDeepCopy\Q11-1-1AssignDeepCopy.vcxproj", "{E002B015-176D-4EF7-AA9E-FF9AE1BCA9F6}"
EndProject
Project("{8BC9CEB8-8B4A-11D0-8D11-00A0C91BC942}") = "Q11-1-2", "Q11-1-2\Q11-1-2.vcxproj", "{23A2B790-B778-4C4F-8D7E-883E6EEE5C3F}"
EndProject
Project("{8BC9CEB8-8B4A-11D0-8D11-00A0C91BC942}") = "Q11-2-1C++DataInputOutput", "Q11-2-1C++DataInputOutput\Q11-2-1C++DataInputOutput.vcxproj", "{74A5A1EA-D3D1-4455-9E35-69E11D533074}"
EndProject
Project("{8BC9CEB8-8B4A-11D0-8D11-00A0C91BC942}") = "Q11-2-2", "Q11-2-2\Q11-2-2.vcxproj", "{B8C36E0A-8889-4740-9DF0-37219D08FCEF}"
EndProject
Global
	GlobalSection(SolutionConfigurationPlatforms) = preSolution
		Debug|x64 = Debug|x64
		Debug|x86 = Debug|x86
		Release|x64 = Release|x64
		Release|x86 = Release|x86
	EndGlobalSection
	GlobalSection(ProjectConfigurationPlatforms) = postSolution
		{F18F5BB8-2085-429C-A2D9-7515D021E375}.Debug|x64.ActiveCfg = Debug|x64
		{F18F5BB8-2085-429C-A2D9-7515D021E375}.Debug|x64.Build.0 = Debug|x64
		{F18F5BB8-2085-429C-A2D9-7515D021E375}.Debug|x86.ActiveCfg = Debug|Win32
		{F18F5BB8-2085-429C-A2D9-7515D021E375}.Debug|x86.Build.0 = Debug|Win32
		{F18F5BB8-2085-429C-A2D9-7515D021E375}.Release|x64.ActiveCfg = Release|x64
		{F18F5BB8-2085-429C-A2D9-7515D021E375}.Release|x64.Build.0 = Release|x64
		{F18F5BB8-2085-429C-A2D9-7515D021E375}.Release|x86.ActiveCfg = Release|Win32
		{F18F5BB8-2085-429C-A2D9-7515D021E375}.Release|x86.Build.0 = Release|Win32
		{E002B015-176D-4EF7-AA9E-FF9AE1BCA9F6}.Debug|x64.ActiveCfg = Debug|x64
		{E002B015-176D-4EF7-AA9E-FF9AE1BCA9F6}.Debug|x64.Build.0 = Debug|x64
		{E002B015-176D-4EF7-AA9E-FF9AE1BCA9F6}.Debug|x86.ActiveCfg = Debug|Win32
		{E002B015-176D-4EF7-AA9E-FF9AE1BCA9F6}.Debug|x86.Build.0 = Debug|Win32
		{E002B015-176D-4EF7-AA9E-FF9AE1BCA9F6}.Release|x64.ActiveCfg = Release|x64
		{E002B015-176D-4EF7-AA9E-FF9AE1BCA9F6}.Release|x64.Build.0 = Release|x64
		{E002B015-176D-4EF7-AA9E-FF9AE1BCA9F6}.Release|x86.ActiveCfg = Release|Win32
		{E002B015-176D-4EF7-AA9E-FF9AE1BCA9F6}.Release|x86.Build.0 = Release|Win32
		{23A2B790-B778-4C4F-8D7E-883E6EEE5C3F}.Debug|x64.ActiveCfg = Debug|x64
		{23A2B790-B778-4C4F-8D7E-883E6EEE5C3F}.Debug|x64.Build.0 = Debug|x64
		{23A2B790-B778-4C4F-8D7E-883E6EEE5C3F}.Debug|x86.ActiveCfg = Debug|Win32
		{23A2B790-B778-4C4F-8D7E-883E6EEE5C3F}.Debug|x86.Build.0 = Debug|Win32
		{23A2B790-B778-4C4F-8D7E-883E6EEE5C3F}.Release|x64.ActiveCfg = Release|x64
		{23A2B790-B778-4C4F-8D7E-883E6EEE5C3F}.Release|x64.Build.0 = Release|x64
		{23A2B790-B778-4C4F-8D7E-883E6EEE5C3F}.Release|x86.ActiveCfg = Release|Win32
		{23A2B790-B778-4C4F-8D7E-883E6EEE5C3F}.Release|x86.Build.0 = Release|Win32
		{74A5A1EA-D3D1-4455-9E35-69E11D533074}.Debug|x64.ActiveCfg = Debug|x64
		{74A5A1EA-D3D1-4455-9E35-69E11D533074}.Debug|x64.Build.0 = Debug|x64
		{74A5A1EA-D3D1-4455-9E35-69E11D533074}.Debug|x86.ActiveCfg = Debug|Win32
		{74A5A1EA-D3D1-4455-9E35-69E11D533074}.Debug|x86.Build.0 = Debug|Win32
		{74A5A1EA-D3D1-4455-9E35-69E11D533074}.Release|x64.ActiveCfg = Release|x64
		{74A5A1EA-D3D1-4455-9E35-69E11D533074}.Release|x64.Build.0 = Release|x64
		{74A5A1EA-D3D1-4455-9E35-69E11D533074}.Release|x86.ActiveCfg = Release|Win32
		{74A5A1EA-D3D1-4455-9E35-69E11D533074}.Release|x86.Build.0 = Release|Win32
		{B8C36E0A-8889-4740-9DF0-37219D08FCEF}.Debug|x64.ActiveCfg = Debug|x64
		{B8C36E0A-8889-4740-9DF0-37219D08FCEF}.Debug|x64.Build.0 = Debug|x64
		{B8C36E0A-8889-4740-9DF0-37219D08FCEF}.Debug|x86.ActiveCfg = Debug|Win32
		{B8C36E0A-8889-4740-9DF0-37219D08FCEF}.Debug|x86.Build.0 = Debug|Win32
		{B8C36E0A-8889-4740-9DF0-37219D08FCEF}.Release|x64.ActiveCfg = Release|x64
		{B8C36E0A-8889-4740-9DF0-37219D08FCEF}.Release|x64.Build.0 = Release|x64
		{B8C36E0A-8889-4740-9DF0-37219D08FCEF}.Release|x86.ActiveCfg = Release|Win32
		{B8C36E0A-8889-4740-9DF0-37219D08FCEF}.Release|x86.Build.0 = Release|Win32
	EndGlobalSection
	GlobalSection(SolutionProperties) = preSolution
		HideSolutionNode = FALSE
	EndGlobalSection
	GlobalSection(ExtensibilityGlobals) = postSolution
		SolutionGuid = {E44C4AF7-9FC6-40BF-9435-552BB1CD75D6}
	EndGlobalSection
EndGlobal
