
Microsoft Visual Studio Solution File, Format Version 12.00
# Visual Studio Version 16
VisualStudioVersion = 16.0.33214.272
MinimumVisualStudioVersion = 10.0.40219.1
Project("{8BC9CEB8-8B4A-11D0-8D11-00A0C91BC942}") = "StringClass", "StringClass\StringClass.vcxproj", "{78B46DFB-1DD9-470E-9ADB-CE0200C7C4A7}"
EndProject
Project("{8BC9CEB8-8B4A-11D0-8D11-00A0C91BC942}") = "OOPProject09", "OOPProject09\OOPProject09.vcxproj", "{9B0A56D1-153D-4AD2-8310-45973CA6E901}"
EndProject
Global
	GlobalSection(SolutionConfigurationPlatforms) = preSolution
		Debug|x64 = Debug|x64
		Debug|x86 = Debug|x86
		Release|x64 = Release|x64
		Release|x86 = Release|x86
	EndGlobalSection
	GlobalSection(ProjectConfigurationPlatforms) = postSolution
		{78B46DFB-1DD9-470E-9ADB-CE0200C7C4A7}.Debug|x64.ActiveCfg = Debug|x64
		{78B46DFB-1DD9-470E-9ADB-CE0200C7C4A7}.Debug|x64.Build.0 = Debug|x64
		{78B46DFB-1DD9-470E-9ADB-CE0200C7C4A7}.Debug|x86.ActiveCfg = Debug|Win32
		{78B46DFB-1DD9-470E-9ADB-CE0200C7C4A7}.Debug|x86.Build.0 = Debug|Win32
		{78B46DFB-1DD9-470E-9ADB-CE0200C7C4A7}.Release|x64.ActiveCfg = Release|x64
		{78B46DFB-1DD9-470E-9ADB-CE0200C7C4A7}.Release|x64.Build.0 = Release|x64
		{78B46DFB-1DD9-470E-9ADB-CE0200C7C4A7}.Release|x86.ActiveCfg = Release|Win32
		{78B46DFB-1DD9-470E-9ADB-CE0200C7C4A7}.Release|x86.Build.0 = Release|Win32
		{9B0A56D1-153D-4AD2-8310-45973CA6E901}.Debug|x64.ActiveCfg = Debug|x64
		{9B0A56D1-153D-4AD2-8310-45973CA6E901}.Debug|x64.Build.0 = Debug|x64
		{9B0A56D1-153D-4AD2-8310-45973CA6E901}.Debug|x86.ActiveCfg = Debug|Win32
		{9B0A56D1-153D-4AD2-8310-45973CA6E901}.Debug|x86.Build.0 = Debug|Win32
		{9B0A56D1-153D-4AD2-8310-45973CA6E901}.Release|x64.ActiveCfg = Release|x64
		{9B0A56D1-153D-4AD2-8310-45973CA6E901}.Release|x64.Build.0 = Release|x64
		{9B0A56D1-153D-4AD2-8310-45973CA6E901}.Release|x86.ActiveCfg = Release|Win32
		{9B0A56D1-153D-4AD2-8310-45973CA6E901}.Release|x86.Build.0 = Release|Win32
	EndGlobalSection
	GlobalSection(SolutionProperties) = preSolution
		HideSolutionNode = FALSE
	EndGlobalSection
	GlobalSection(ExtensibilityGlobals) = postSolution
		SolutionGuid = {2D6990CA-109A-4E77-9D7F-386F320436A8}
	EndGlobalSection
EndGlobal
